
Microsoft Visual Studio Solution File, Format Version 12.00
# Visual Studio Version 17
VisualStudioVersion = 17.1.32228.430
MinimumVisualStudioVersion = 10.0.40219.1
Project("{FAE04EC0-301F-11D3-BF4B-00C04F79EFBC}") = "Colour_and_Position", "Colour_and_Position\Colour_and_Position.csproj", "{60767360-2E9C-4505-84E7-102C73D23D85}"
EndProject
Global
	GlobalSection(SolutionConfigurationPlatforms) = preSolution
		Debug|Any CPU = Debug|Any CPU
		Release|Any CPU = Release|Any CPU
	EndGlobalSection
	GlobalSection(ProjectConfigurationPlatforms) = postSolution
		{60767360-2E9C-4505-84E7-102C73D23D85}.Debug|Any CPU.ActiveCfg = Debug|Any CPU
		{60767360-2E9C-4505-84E7-102C73D23D85}.Debug|Any CPU.Build.0 = Debug|Any CPU
		{60767360-2E9C-4505-84E7-102C73D23D85}.Release|Any CPU.ActiveCfg = Release|Any CPU
		{60767360-2E9C-4505-84E7-102C73D23D85}.Release|Any CPU.Build.0 = Release|Any CPU
	EndGlobalSection
	GlobalSection(SolutionProperties) = preSolution
		HideSolutionNode = FALSE
	EndGlobalSection
	GlobalSection(ExtensibilityGlobals) = postSolution
		SolutionGuid = {255EE338-8BCD-46DF-8A98-96F81DD665D6}
	EndGlobalSection
EndGlobal
